
Microsoft Visual Studio Solution File, Format Version 12.00
# Visual Studio Version 16
VisualStudioVersion = 16.0.29728.190
MinimumVisualStudioVersion = 10.0.40219.1
Project("{FAE04EC0-301F-11D3-BF4B-00C04F79EFBC}") = "NETCORE CRUD 991", "NETCORE CRUD 991\NETCORE CRUD 991.csproj", "{2A4022AE-4D07-472E-A8D2-8D73DC441F32}"
EndProject
Global
	GlobalSection(SolutionConfigurationPlatforms) = preSolution
		Debug|Any CPU = Debug|Any CPU
		Release|Any CPU = Release|Any CPU
	EndGlobalSection
	GlobalSection(ProjectConfigurationPlatforms) = postSolution
		{2A4022AE-4D07-472E-A8D2-8D73DC441F32}.Debug|Any CPU.ActiveCfg = Debug|Any CPU
		{2A4022AE-4D07-472E-A8D2-8D73DC441F32}.Debug|Any CPU.Build.0 = Debug|Any CPU
		{2A4022AE-4D07-472E-A8D2-8D73DC441F32}.Release|Any CPU.ActiveCfg = Release|Any CPU
		{2A4022AE-4D07-472E-A8D2-8D73DC441F32}.Release|Any CPU.Build.0 = Release|Any CPU
	EndGlobalSection
	GlobalSection(SolutionProperties) = preSolution
		HideSolutionNode = FALSE
	EndGlobalSection
	GlobalSection(ExtensibilityGlobals) = postSolution
		SolutionGuid = {9AEF5FD5-2CA2-44CE-8359-49BD89F6B5EE}
	EndGlobalSection
EndGlobal
